// !$*UTF8*$!
{
	archiveVersion = 1;
	classes = {
	};
	objectVersion = 52;
	objects = {

/* Begin PBXBuildFile section */
		E30E631424190F49002EF546 /* container-migration.plist in Resources */ = {isa = PBXBuildFile; fileRef = E30E631324190F49002EF546 /* container-migration.plist */; };
		E316D7E926924E3500CF7FD6 /* KeyboardShortcuts in Frameworks */ = {isa = PBXBuildFile; productRef = E316D7E826924E3500CF7FD6 /* KeyboardShortcuts */; };
		E3198E74241A7A7C00A167C7 /* CalculateTests.swift in Sources */ = {isa = PBXBuildFile; fileRef = E3198E73241A7A7C00A167C7 /* CalculateTests.swift */; };
		E321A0AB2417C3A900D40474 /* AppDelegate.swift in Sources */ = {isa = PBXBuildFile; fileRef = E321A0AA2417C3A900D40474 /* AppDelegate.swift */; };
		E321A0AD2417C3A900D40474 /* AppViewController.swift in Sources */ = {isa = PBXBuildFile; fileRef = E321A0AC2417C3A900D40474 /* AppViewController.swift */; };
		E321A0AF2417C3AA00D40474 /* Assets.xcassets in Resources */ = {isa = PBXBuildFile; fileRef = E321A0AE2417C3AA00D40474 /* Assets.xcassets */; };
		E321A0B22417C3AA00D40474 /* Main.storyboard in Resources */ = {isa = PBXBuildFile; fileRef = E321A0B02417C3AA00D40474 /* Main.storyboard */; };
		E321A0D92417C97400D40474 /* Calculate.swift in Sources */ = {isa = PBXBuildFile; fileRef = E321A0D82417C97400D40474 /* Calculate.swift */; };
		E338A4DE2476C73800AE85BF /* VerticalListCollectionViewLayout.swift in Sources */ = {isa = PBXBuildFile; fileRef = E338A4DD2476C73800AE85BF /* VerticalListCollectionViewLayout.swift */; };
		E35AC3EC241FC4EC0041BF6A /* OutputCollectionViewItem.swift in Sources */ = {isa = PBXBuildFile; fileRef = E35AC3EA241FC4EC0041BF6A /* OutputCollectionViewItem.swift */; };
		E35AC3ED241FC4EC0041BF6A /* OutputCollectionViewItem.xib in Resources */ = {isa = PBXBuildFile; fileRef = E35AC3EB241FC4EC0041BF6A /* OutputCollectionViewItem.xib */; };
		E35AC3F0242127450041BF6A /* MemoryCollectionViewItem.swift in Sources */ = {isa = PBXBuildFile; fileRef = E35AC3EE242127450041BF6A /* MemoryCollectionViewItem.swift */; };
		E35AC3F1242127450041BF6A /* MemoryCollectionViewItem.xib in Resources */ = {isa = PBXBuildFile; fileRef = E35AC3EF242127450041BF6A /* MemoryCollectionViewItem.xib */; };
		E35AC3F324212A8F0041BF6A /* OutputItem.swift in Sources */ = {isa = PBXBuildFile; fileRef = E35AC3F224212A8F0041BF6A /* OutputItem.swift */; };
		E35AC3F52421450B0041BF6A /* String+Break.swift in Sources */ = {isa = PBXBuildFile; fileRef = E35AC3F42421450B0041BF6A /* String+Break.swift */; };
		E35AC3FC242182110041BF6A /* PreferencesViewController.swift in Sources */ = {isa = PBXBuildFile; fileRef = E35AC3FB242182110041BF6A /* PreferencesViewController.swift */; };
		E35AC40E2426B27C0041BF6A /* AppWindow.swift in Sources */ = {isa = PBXBuildFile; fileRef = E35AC40D2426B27C0041BF6A /* AppWindow.swift */; };
		E35AC4102426BC3E0041BF6A /* SelectAllTextField.swift in Sources */ = {isa = PBXBuildFile; fileRef = E35AC40F2426BC3E0041BF6A /* SelectAllTextField.swift */; };
		E35AC4122426C4650041BF6A /* AppView.swift in Sources */ = {isa = PBXBuildFile; fileRef = E35AC4112426C4650041BF6A /* AppView.swift */; };
		E35AC424242CF1EF0041BF6A /* Calculate.js in Resources */ = {isa = PBXBuildFile; fileRef = E35AC423242CF1EF0041BF6A /* Calculate.js */; };
		E35AC431242CF5F90041BF6A /* ECMAScript3ExtLexer.js in Resources */ = {isa = PBXBuildFile; fileRef = E35AC42D242CF5F90041BF6A /* ECMAScript3ExtLexer.js */; };
		E35AC432242CF5F90041BF6A /* ECMAScript3ExtParser.js in Resources */ = {isa = PBXBuildFile; fileRef = E35AC42E242CF5F90041BF6A /* ECMAScript3ExtParser.js */; };
		E35AC433242CF5F90041BF6A /* antlr3-all.js in Resources */ = {isa = PBXBuildFile; fileRef = E35AC42F242CF5F90041BF6A /* antlr3-all.js */; };
		E35AC434242CF5F90041BF6A /* ECMAScript3ExtEmitter.js in Resources */ = {isa = PBXBuildFile; fileRef = E35AC430242CF5F90041BF6A /* ECMAScript3ExtEmitter.js */; };
		E35AC436242E47610041BF6A /* NSFont+App.swift in Sources */ = {isa = PBXBuildFile; fileRef = E35AC435242E47610041BF6A /* NSFont+App.swift */; };
		E3744842243AABA700CC8E69 /* NSWindow+MoveToActiveSpace.swift in Sources */ = {isa = PBXBuildFile; fileRef = E3744841243AABA700CC8E69 /* NSWindow+MoveToActiveSpace.swift */; };
		E399AF8D2479C4C800A52026 /* Preferences.swift in Sources */ = {isa = PBXBuildFile; fileRef = E399AF8C2479C4C800A52026 /* Preferences.swift */; };
		E3A08A142603FA0C006F798D /* AppearanceWindow.swift in Sources */ = {isa = PBXBuildFile; fileRef = E3A08A132603FA0C006F798D /* AppearanceWindow.swift */; };
		E3DD20BB25F9744500529684 /* InputTextField.swift in Sources */ = {isa = PBXBuildFile; fileRef = E3DD20BA25F9744500529684 /* InputTextField.swift */; };
/* End PBXBuildFile section */

/* Begin PBXContainerItemProxy section */
		E3198E76241A7A7C00A167C7 /* PBXContainerItemProxy */ = {
			isa = PBXContainerItemProxy;
			containerPortal = E321A09F2417C3A900D40474 /* Project object */;
			proxyType = 1;
			remoteGlobalIDString = E321A0A62417C3A900D40474;
			remoteInfo = Calculate;
		};
/* End PBXContainerItemProxy section */

/* Begin PBXFileReference section */
		E30E62F72417E64A002EF546 /* README.md */ = {isa = PBXFileReference; lastKnownFileType = net.daringfireball.markdown; path = README.md; sourceTree = "<group>"; };
		E30E631324190F49002EF546 /* container-migration.plist */ = {isa = PBXFileReference; lastKnownFileType = text.plist.xml; path = "container-migration.plist"; sourceTree = "<group>"; };
		E3198E6C241A73CD00A167C7 /* CHANGELOG.md */ = {isa = PBXFileReference; lastKnownFileType = net.daringfireball.markdown; path = CHANGELOG.md; sourceTree = "<group>"; };
		E3198E71241A7A7C00A167C7 /* CalculateTests.xctest */ = {isa = PBXFileReference; explicitFileType = wrapper.cfbundle; includeInIndex = 0; path = CalculateTests.xctest; sourceTree = BUILT_PRODUCTS_DIR; };
		E3198E73241A7A7C00A167C7 /* CalculateTests.swift */ = {isa = PBXFileReference; lastKnownFileType = sourcecode.swift; path = CalculateTests.swift; sourceTree = "<group>"; };
		E3198E75241A7A7C00A167C7 /* Info.plist */ = {isa = PBXFileReference; lastKnownFileType = text.plist.xml; path = Info.plist; sourceTree = "<group>"; };
		E321A0A72417C3A900D40474 /* Calculate.app */ = {isa = PBXFileReference; explicitFileType = wrapper.application; includeInIndex = 0; path = Calculate.app; sourceTree = BUILT_PRODUCTS_DIR; };
		E321A0AA2417C3A900D40474 /* AppDelegate.swift */ = {isa = PBXFileReference; lastKnownFileType = sourcecode.swift; path = AppDelegate.swift; sourceTree = "<group>"; };
		E321A0AC2417C3A900D40474 /* AppViewController.swift */ = {isa = PBXFileReference; lastKnownFileType = sourcecode.swift; path = AppViewController.swift; sourceTree = "<group>"; };
		E321A0AE2417C3AA00D40474 /* Assets.xcassets */ = {isa = PBXFileReference; lastKnownFileType = folder.assetcatalog; path = Assets.xcassets; sourceTree = "<group>"; };
		E321A0B12417C3AA00D40474 /* Base */ = {isa = PBXFileReference; lastKnownFileType = file.storyboard; name = Base; path = Base.lproj/Main.storyboard; sourceTree = "<group>"; };
		E321A0B32417C3AA00D40474 /* Info.plist */ = {isa = PBXFileReference; lastKnownFileType = text.plist.xml; path = Info.plist; sourceTree = "<group>"; };
		E321A0B42417C3AA00D40474 /* Calculate.entitlements */ = {isa = PBXFileReference; lastKnownFileType = text.plist.entitlements; path = Calculate.entitlements; sourceTree = "<group>"; };
		E321A0D82417C97400D40474 /* Calculate.swift */ = {isa = PBXFileReference; lastKnownFileType = sourcecode.swift; path = Calculate.swift; sourceTree = "<group>"; };
		E338A4DD2476C73800AE85BF /* VerticalListCollectionViewLayout.swift */ = {isa = PBXFileReference; lastKnownFileType = sourcecode.swift; path = VerticalListCollectionViewLayout.swift; sourceTree = "<group>"; };
		E35AC3EA241FC4EC0041BF6A /* OutputCollectionViewItem.swift */ = {isa = PBXFileReference; lastKnownFileType = sourcecode.swift; path = OutputCollectionViewItem.swift; sourceTree = "<group>"; };
		E35AC3EB241FC4EC0041BF6A /* OutputCollectionViewItem.xib */ = {isa = PBXFileReference; lastKnownFileType = file.xib; path = OutputCollectionViewItem.xib; sourceTree = "<group>"; };
		E35AC3EE242127450041BF6A /* MemoryCollectionViewItem.swift */ = {isa = PBXFileReference; lastKnownFileType = sourcecode.swift; path = MemoryCollectionViewItem.swift; sourceTree = "<group>"; };
		E35AC3EF242127450041BF6A /* MemoryCollectionViewItem.xib */ = {isa = PBXFileReference; lastKnownFileType = file.xib; path = MemoryCollectionViewItem.xib; sourceTree = "<group>"; };
		E35AC3F224212A8F0041BF6A /* OutputItem.swift */ = {isa = PBXFileReference; lastKnownFileType = sourcecode.swift; path = OutputItem.swift; sourceTree = "<group>"; };
		E35AC3F42421450B0041BF6A /* String+Break.swift */ = {isa = PBXFileReference; lastKnownFileType = sourcecode.swift; path = "String+Break.swift"; sourceTree = "<group>"; };
		E35AC3FB242182110041BF6A /* PreferencesViewController.swift */ = {isa = PBXFileReference; lastKnownFileType = sourcecode.swift; path = PreferencesViewController.swift; sourceTree = "<group>"; };
		E35AC40D2426B27C0041BF6A /* AppWindow.swift */ = {isa = PBXFileReference; lastKnownFileType = sourcecode.swift; path = AppWindow.swift; sourceTree = "<group>"; };
		E35AC40F2426BC3E0041BF6A /* SelectAllTextField.swift */ = {isa = PBXFileReference; lastKnownFileType = sourcecode.swift; path = SelectAllTextField.swift; sourceTree = "<group>"; };
		E35AC4112426C4650041BF6A /* AppView.swift */ = {isa = PBXFileReference; lastKnownFileType = sourcecode.swift; path = AppView.swift; sourceTree = "<group>"; };
		E35AC423242CF1EF0041BF6A /* Calculate.js */ = {isa = PBXFileReference; fileEncoding = 4; lastKnownFileType = sourcecode.javascript; path = Calculate.js; sourceTree = "<group>"; };
		E35AC42D242CF5F90041BF6A /* ECMAScript3ExtLexer.js */ = {isa = PBXFileReference; fileEncoding = 4; lastKnownFileType = sourcecode.javascript; name = ECMAScript3ExtLexer.js; path = ES3Grammar/ECMAScript3ExtLexer.js; sourceTree = "<group>"; };
		E35AC42E242CF5F90041BF6A /* ECMAScript3ExtParser.js */ = {isa = PBXFileReference; fileEncoding = 4; lastKnownFileType = sourcecode.javascript; name = ECMAScript3ExtParser.js; path = ES3Grammar/ECMAScript3ExtParser.js; sourceTree = "<group>"; };
		E35AC42F242CF5F90041BF6A /* antlr3-all.js */ = {isa = PBXFileReference; fileEncoding = 4; lastKnownFileType = sourcecode.javascript; name = "antlr3-all.js"; path = "ES3Grammar/antlr3-all.js"; sourceTree = "<group>"; };
		E35AC430242CF5F90041BF6A /* ECMAScript3ExtEmitter.js */ = {isa = PBXFileReference; fileEncoding = 4; lastKnownFileType = sourcecode.javascript; name = ECMAScript3ExtEmitter.js; path = ES3Grammar/ECMAScript3ExtEmitter.js; sourceTree = "<group>"; };
		E35AC435242E47610041BF6A /* NSFont+App.swift */ = {isa = PBXFileReference; lastKnownFileType = sourcecode.swift; path = "NSFont+App.swift"; sourceTree = "<group>"; };
		E3744841243AABA700CC8E69 /* NSWindow+MoveToActiveSpace.swift */ = {isa = PBXFileReference; lastKnownFileType = sourcecode.swift; path = "NSWindow+MoveToActiveSpace.swift"; sourceTree = "<group>"; };
		E399AF8C2479C4C800A52026 /* Preferences.swift */ = {isa = PBXFileReference; lastKnownFileType = sourcecode.swift; path = Preferences.swift; sourceTree = "<group>"; };
		E3A08A132603FA0C006F798D /* AppearanceWindow.swift */ = {isa = PBXFileReference; lastKnownFileType = sourcecode.swift; path = AppearanceWindow.swift; sourceTree = "<group>"; };
		E3AFE3C4299EABBA00A40810 /* Calculate-Bridging-Header.h */ = {isa = PBXFileReference; lastKnownFileType = sourcecode.c.h; path = "Calculate-Bridging-Header.h"; sourceTree = "<group>"; };
		E3DD20BA25F9744500529684 /* InputTextField.swift */ = {isa = PBXFileReference; lastKnownFileType = sourcecode.swift; path = InputTextField.swift; sourceTree = "<group>"; };
/* End PBXFileReference section */

/* Begin PBXFrameworksBuildPhase section */
		E3198E6E241A7A7C00A167C7 /* Frameworks */ = {
			isa = PBXFrameworksBuildPhase;
			buildActionMask = 2147483647;
			files = (
			);
			runOnlyForDeploymentPostprocessing = 0;
		};
		E321A0A42417C3A900D40474 /* Frameworks */ = {
			isa = PBXFrameworksBuildPhase;
			buildActionMask = 2147483647;
			files = (
				E316D7E926924E3500CF7FD6 /* KeyboardShortcuts in Frameworks */,
			);
			runOnlyForDeploymentPostprocessing = 0;
		};
/* End PBXFrameworksBuildPhase section */

/* Begin PBXGroup section */
		E3198E72241A7A7C00A167C7 /* CalculateTests */ = {
			isa = PBXGroup;
			children = (
				E3198E73241A7A7C00A167C7 /* CalculateTests.swift */,
				E3198E75241A7A7C00A167C7 /* Info.plist */,
			);
			path = CalculateTests;
			sourceTree = "<group>";
		};
		E321A09E2417C3A900D40474 = {
			isa = PBXGroup;
			children = (
				E30E62F72417E64A002EF546 /* README.md */,
				E3198E6C241A73CD00A167C7 /* CHANGELOG.md */,
				E35AC41A242CF1C50041BF6A /* js */,
				E321A0A92417C3A900D40474 /* Calculate */,
				E3198E72241A7A7C00A167C7 /* CalculateTests */,
				E321A0A82417C3A900D40474 /* Products */,
			);
			sourceTree = "<group>";
		};
		E321A0A82417C3A900D40474 /* Products */ = {
			isa = PBXGroup;
			children = (
				E321A0A72417C3A900D40474 /* Calculate.app */,
				E3198E71241A7A7C00A167C7 /* CalculateTests.xctest */,
			);
			name = Products;
			sourceTree = "<group>";
		};
		E321A0A92417C3A900D40474 /* Calculate */ = {
			isa = PBXGroup;
			children = (
				E321A0AA2417C3A900D40474 /* AppDelegate.swift */,
				E3A08A132603FA0C006F798D /* AppearanceWindow.swift */,
				E35AC40D2426B27C0041BF6A /* AppWindow.swift */,
				E35AC4112426C4650041BF6A /* AppView.swift */,
				E321A0AC2417C3A900D40474 /* AppViewController.swift */,
				E321A0D82417C97400D40474 /* Calculate.swift */,
				E35AC435242E47610041BF6A /* NSFont+App.swift */,
				E35AC3F42421450B0041BF6A /* String+Break.swift */,
				E3744841243AABA700CC8E69 /* NSWindow+MoveToActiveSpace.swift */,
				E35AC40F2426BC3E0041BF6A /* SelectAllTextField.swift */,
				E3DD20BA25F9744500529684 /* InputTextField.swift */,
				E35AC3F224212A8F0041BF6A /* OutputItem.swift */,
				E35AC3EA241FC4EC0041BF6A /* OutputCollectionViewItem.swift */,
				E35AC3EB241FC4EC0041BF6A /* OutputCollectionViewItem.xib */,
				E35AC3EE242127450041BF6A /* MemoryCollectionViewItem.swift */,
				E35AC3EF242127450041BF6A /* MemoryCollectionViewItem.xib */,
				E399AF8C2479C4C800A52026 /* Preferences.swift */,
				E35AC3FB242182110041BF6A /* PreferencesViewController.swift */,
				E338A4DD2476C73800AE85BF /* VerticalListCollectionViewLayout.swift */,
				E321A0B02417C3AA00D40474 /* Main.storyboard */,
				E35AC423242CF1EF0041BF6A /* Calculate.js */,
				E321A0AE2417C3AA00D40474 /* Assets.xcassets */,
				E321A0B32417C3AA00D40474 /* Info.plist */,
				E30E631324190F49002EF546 /* container-migration.plist */,
				E321A0B42417C3AA00D40474 /* Calculate.entitlements */,
				E3AFE3C4299EABBA00A40810 /* Calculate-Bridging-Header.h */,
			);
			path = Calculate;
			sourceTree = "<group>";
		};
		E35AC41A242CF1C50041BF6A /* js */ = {
			isa = PBXGroup;
			children = (
				E35AC42F242CF5F90041BF6A /* antlr3-all.js */,
				E35AC42D242CF5F90041BF6A /* ECMAScript3ExtLexer.js */,
				E35AC42E242CF5F90041BF6A /* ECMAScript3ExtParser.js */,
				E35AC430242CF5F90041BF6A /* ECMAScript3ExtEmitter.js */,
			);
			name = js;
			sourceTree = "<group>";
		};
/* End PBXGroup section */

/* Begin PBXNativeTarget section */
		E3198E70241A7A7C00A167C7 /* CalculateTests */ = {
			isa = PBXNativeTarget;
			buildConfigurationList = E3198E78241A7A7C00A167C7 /* Build configuration list for PBXNativeTarget "CalculateTests" */;
			buildPhases = (
				E3198E6D241A7A7C00A167C7 /* Sources */,
				E3198E6E241A7A7C00A167C7 /* Frameworks */,
				E3198E6F241A7A7C00A167C7 /* Resources */,
			);
			buildRules = (
			);
			dependencies = (
				E3198E77241A7A7C00A167C7 /* PBXTargetDependency */,
			);
			name = CalculateTests;
			productName = CalculateTests;
			productReference = E3198E71241A7A7C00A167C7 /* CalculateTests.xctest */;
			productType = "com.apple.product-type.bundle.unit-test";
		};
		E321A0A62417C3A900D40474 /* Calculate */ = {
			isa = PBXNativeTarget;
			buildConfigurationList = E321A0B72417C3AA00D40474 /* Build configuration list for PBXNativeTarget "Calculate" */;
			buildPhases = (
				E321A0A32417C3A900D40474 /* Sources */,
				E321A0A42417C3A900D40474 /* Frameworks */,
				E321A0A52417C3A900D40474 /* Resources */,
			);
			buildRules = (
			);
			dependencies = (
			);
			name = Calculate;
			packageProductDependencies = (
				E316D7E826924E3500CF7FD6 /* KeyboardShortcuts */,
			);
			productName = Calculate;
			productReference = E321A0A72417C3A900D40474 /* Calculate.app */;
			productType = "com.apple.product-type.application";
		};
/* End PBXNativeTarget section */

/* Begin PBXProject section */
		E321A09F2417C3A900D40474 /* Project object */ = {
			isa = PBXProject;
			attributes = {
				LastSwiftUpdateCheck = 1130;
				LastUpgradeCheck = 1420;
				ORGANIZATIONNAME = "David Brackeen";
				TargetAttributes = {
					E3198E70241A7A7C00A167C7 = {
						CreatedOnToolsVersion = 11.3.1;
						TestTargetID = E321A0A62417C3A900D40474;
					};
					E321A0A62417C3A900D40474 = {
						CreatedOnToolsVersion = 11.3.1;
						LastSwiftMigration = 1130;
					};
				};
			};
			buildConfigurationList = E321A0A22417C3A900D40474 /* Build configuration list for PBXProject "Calculate" */;
			compatibilityVersion = "Xcode 9.3";
			developmentRegion = en;
			hasScannedForEncodings = 0;
			knownRegions = (
				en,
				Base,
			);
			mainGroup = E321A09E2417C3A900D40474;
			packageReferences = (
				E316D7E726924E3500CF7FD6 /* XCRemoteSwiftPackageReference "KeyboardShortcuts" */,
			);
			productRefGroup = E321A0A82417C3A900D40474 /* Products */;
			projectDirPath = "";
			projectRoot = "";
			targets = (
				E321A0A62417C3A900D40474 /* Calculate */,
				E3198E70241A7A7C00A167C7 /* CalculateTests */,
			);
		};
/* End PBXProject section */

/* Begin PBXResourcesBuildPhase section */
		E3198E6F241A7A7C00A167C7 /* Resources */ = {
			isa = PBXResourcesBuildPhase;
			buildActionMask = 2147483647;
			files = (
			);
			runOnlyForDeploymentPostprocessing = 0;
		};
		E321A0A52417C3A900D40474 /* Resources */ = {
			isa = PBXResourcesBuildPhase;
			buildActionMask = 2147483647;
			files = (
				E35AC3F1242127450041BF6A /* MemoryCollectionViewItem.xib in Resources */,
				E321A0AF2417C3AA00D40474 /* Assets.xcassets in Resources */,
				E35AC431242CF5F90041BF6A /* ECMAScript3ExtLexer.js in Resources */,
				E321A0B22417C3AA00D40474 /* Main.storyboard in Resources */,
				E35AC434242CF5F90041BF6A /* ECMAScript3ExtEmitter.js in Resources */,
				E35AC424242CF1EF0041BF6A /* Calculate.js in Resources */,
				E30E631424190F49002EF546 /* container-migration.plist in Resources */,
				E35AC432242CF5F90041BF6A /* ECMAScript3ExtParser.js in Resources */,
				E35AC3ED241FC4EC0041BF6A /* OutputCollectionViewItem.xib in Resources */,
				E35AC433242CF5F90041BF6A /* antlr3-all.js in Resources */,
			);
			runOnlyForDeploymentPostprocessing = 0;
		};
/* End PBXResourcesBuildPhase section */

/* Begin PBXSourcesBuildPhase section */
		E3198E6D241A7A7C00A167C7 /* Sources */ = {
			isa = PBXSourcesBuildPhase;
			buildActionMask = 2147483647;
			files = (
				E3198E74241A7A7C00A167C7 /* CalculateTests.swift in Sources */,
			);
			runOnlyForDeploymentPostprocessing = 0;
		};
		E321A0A32417C3A900D40474 /* Sources */ = {
			isa = PBXSourcesBuildPhase;
			buildActionMask = 2147483647;
			files = (
				E35AC3EC241FC4EC0041BF6A /* OutputCollectionViewItem.swift in Sources */,
				E35AC40E2426B27C0041BF6A /* AppWindow.swift in Sources */,
				E399AF8D2479C4C800A52026 /* Preferences.swift in Sources */,
				E321A0D92417C97400D40474 /* Calculate.swift in Sources */,
				E3744842243AABA700CC8E69 /* NSWindow+MoveToActiveSpace.swift in Sources */,
				E35AC436242E47610041BF6A /* NSFont+App.swift in Sources */,
				E35AC3F0242127450041BF6A /* MemoryCollectionViewItem.swift in Sources */,
				E35AC4122426C4650041BF6A /* AppView.swift in Sources */,
				E3DD20BB25F9744500529684 /* InputTextField.swift in Sources */,
				E35AC3FC242182110041BF6A /* PreferencesViewController.swift in Sources */,
				E35AC4102426BC3E0041BF6A /* SelectAllTextField.swift in Sources */,
				E321A0AD2417C3A900D40474 /* AppViewController.swift in Sources */,
				E35AC3F52421450B0041BF6A /* String+Break.swift in Sources */,
				E3A08A142603FA0C006F798D /* AppearanceWindow.swift in Sources */,
				E35AC3F324212A8F0041BF6A /* OutputItem.swift in Sources */,
				E338A4DE2476C73800AE85BF /* VerticalListCollectionViewLayout.swift in Sources */,
				E321A0AB2417C3A900D40474 /* AppDelegate.swift in Sources */,
			);
			runOnlyForDeploymentPostprocessing = 0;
		};
/* End PBXSourcesBuildPhase section */

/* Begin PBXTargetDependency section */
		E3198E77241A7A7C00A167C7 /* PBXTargetDependency */ = {
			isa = PBXTargetDependency;
			target = E321A0A62417C3A900D40474 /* Calculate */;
			targetProxy = E3198E76241A7A7C00A167C7 /* PBXContainerItemProxy */;
		};
/* End PBXTargetDependency section */

/* Begin PBXVariantGroup section */
		E321A0B02417C3AA00D40474 /* Main.storyboard */ = {
			isa = PBXVariantGroup;
			children = (
				E321A0B12417C3AA00D40474 /* Base */,
			);
			name = Main.storyboard;
			sourceTree = "<group>";
		};
/* End PBXVariantGroup section */

/* Begin XCBuildConfiguration section */
		E3198E79241A7A7C00A167C7 /* Debug */ = {
			isa = XCBuildConfiguration;
			buildSettings = {
				BUNDLE_LOADER = "$(TEST_HOST)";
				CODE_SIGN_STYLE = Automatic;
				COMBINE_HIDPI_IMAGES = YES;
				DEAD_CODE_STRIPPING = YES;
				INFOPLIST_FILE = CalculateTests/Info.plist;
				LD_RUNPATH_SEARCH_PATHS = (
					"$(inherited)",
					"@executable_path/../Frameworks",
					"@loader_path/../Frameworks",
				);
				PRODUCT_BUNDLE_IDENTIFIER = com.brackeen.CalculateTests;
				PRODUCT_NAME = "$(TARGET_NAME)";
				SWIFT_VERSION = 5.0;
				TEST_HOST = "$(BUILT_PRODUCTS_DIR)/Calculate.app/Contents/MacOS/Calculate";
			};
			name = Debug;
		};
		E3198E7A241A7A7C00A167C7 /* Release */ = {
			isa = XCBuildConfiguration;
			buildSettings = {
				BUNDLE_LOADER = "$(TEST_HOST)";
				CODE_SIGN_STYLE = Automatic;
				COMBINE_HIDPI_IMAGES = YES;
				DEAD_CODE_STRIPPING = YES;
				INFOPLIST_FILE = CalculateTests/Info.plist;
				LD_RUNPATH_SEARCH_PATHS = (
					"$(inherited)",
					"@executable_path/../Frameworks",
					"@loader_path/../Frameworks",
				);
				PRODUCT_BUNDLE_IDENTIFIER = com.brackeen.CalculateTests;
				PRODUCT_NAME = "$(TARGET_NAME)";
				SWIFT_VERSION = 5.0;
				TEST_HOST = "$(BUILT_PRODUCTS_DIR)/Calculate.app/Contents/MacOS/Calculate";
			};
			name = Release;
		};
		E321A0B52417C3AA00D40474 /* Debug */ = {
			isa = XCBuildConfiguration;
			buildSettings = {
				ALWAYS_SEARCH_USER_PATHS = NO;
				CLANG_ANALYZER_GCD_PERFORMANCE = YES;
				CLANG_ANALYZER_NONNULL = YES;
				CLANG_ANALYZER_NUMBER_OBJECT_CONVERSION = YES_AGGRESSIVE;
				CLANG_ANALYZER_SECURITY_FLOATLOOPCOUNTER = YES;
				CLANG_ANALYZER_SECURITY_INSECUREAPI_RAND = YES;
				CLANG_ANALYZER_SECURITY_INSECUREAPI_STRCPY = YES;
				CLANG_CXX_LANGUAGE_STANDARD = "gnu++14";
				CLANG_CXX_LIBRARY = "libc++";
				CLANG_ENABLE_MODULES = YES;
				CLANG_ENABLE_OBJC_ARC = YES;
				CLANG_ENABLE_OBJC_WEAK = YES;
				CLANG_WARN_ASSIGN_ENUM = YES;
				CLANG_WARN_ATOMIC_IMPLICIT_SEQ_CST = YES;
				CLANG_WARN_BLOCK_CAPTURE_AUTORELEASING = YES;
				CLANG_WARN_BOOL_CONVERSION = YES;
				CLANG_WARN_COMMA = YES;
				CLANG_WARN_CONSTANT_CONVERSION = YES;
				CLANG_WARN_CXX0X_EXTENSIONS = YES;
				CLANG_WARN_DEPRECATED_OBJC_IMPLEMENTATIONS = YES;
				CLANG_WARN_DIRECT_OBJC_ISA_USAGE = YES_ERROR;
				CLANG_WARN_DOCUMENTATION_COMMENTS = YES;
				CLANG_WARN_EMPTY_BODY = YES;
				CLANG_WARN_ENUM_CONVERSION = YES;
				CLANG_WARN_FRAMEWORK_INCLUDE_PRIVATE_FROM_PUBLIC = YES;
				CLANG_WARN_IMPLICIT_SIGN_CONVERSION = YES;
				CLANG_WARN_INFINITE_RECURSION = YES;
				CLANG_WARN_INT_CONVERSION = YES;
				CLANG_WARN_NON_LITERAL_NULL_CONVERSION = YES;
				CLANG_WARN_OBJC_EXPLICIT_OWNERSHIP_TYPE = YES;
				CLANG_WARN_OBJC_IMPLICIT_ATOMIC_PROPERTIES = YES;
				CLANG_WARN_OBJC_IMPLICIT_RETAIN_SELF = YES;
				CLANG_WARN_OBJC_INTERFACE_IVARS = YES;
				CLANG_WARN_OBJC_LITERAL_CONVERSION = YES;
				CLANG_WARN_OBJC_MISSING_PROPERTY_SYNTHESIS = YES;
				CLANG_WARN_OBJC_REPEATED_USE_OF_WEAK = YES;
				CLANG_WARN_OBJC_ROOT_CLASS = YES_ERROR;
				CLANG_WARN_QUOTED_INCLUDE_IN_FRAMEWORK_HEADER = YES;
				CLANG_WARN_RANGE_LOOP_ANALYSIS = YES;
				CLANG_WARN_SEMICOLON_BEFORE_METHOD_BODY = YES;
				CLANG_WARN_STRICT_PROTOTYPES = YES;
				CLANG_WARN_SUSPICIOUS_IMPLICIT_CONVERSION = YES;
				CLANG_WARN_SUSPICIOUS_MOVE = YES;
				CLANG_WARN_UNGUARDED_AVAILABILITY = YES_AGGRESSIVE;
				CLANG_WARN_UNREACHABLE_CODE = YES;
				CLANG_WARN__DUPLICATE_METHOD_MATCH = YES;
				CLANG_WARN__EXIT_TIME_DESTRUCTORS = YES;
				COPY_PHASE_STRIP = NO;
				DEAD_CODE_STRIPPING = YES;
				DEBUG_INFORMATION_FORMAT = dwarf;
				ENABLE_STRICT_OBJC_MSGSEND = YES;
				ENABLE_TESTABILITY = YES;
				GCC_C_LANGUAGE_STANDARD = gnu11;
				GCC_DYNAMIC_NO_PIC = NO;
				GCC_NO_COMMON_BLOCKS = YES;
				GCC_OPTIMIZATION_LEVEL = 0;
				GCC_PREPROCESSOR_DEFINITIONS = (
					"DEBUG=1",
					"$(inherited)",
				);
				GCC_WARN_64_TO_32_BIT_CONVERSION = YES;
				GCC_WARN_ABOUT_MISSING_FIELD_INITIALIZERS = YES;
				GCC_WARN_ABOUT_MISSING_NEWLINE = YES;
				GCC_WARN_ABOUT_MISSING_PROTOTYPES = YES;
				GCC_WARN_ABOUT_RETURN_TYPE = YES_ERROR;
				GCC_WARN_FOUR_CHARACTER_CONSTANTS = YES;
				GCC_WARN_HIDDEN_VIRTUAL_FUNCTIONS = YES;
				GCC_WARN_INITIALIZER_NOT_FULLY_BRACKETED = YES;
				GCC_WARN_NON_VIRTUAL_DESTRUCTOR = YES;
				GCC_WARN_PEDANTIC = YES;
				GCC_WARN_SHADOW = YES;
				GCC_WARN_SIGN_COMPARE = YES;
				GCC_WARN_STRICT_SELECTOR_MATCH = YES;
				GCC_WARN_UNDECLARED_SELECTOR = YES;
				GCC_WARN_UNINITIALIZED_AUTOS = YES_AGGRESSIVE;
				GCC_WARN_UNKNOWN_PRAGMAS = YES;
				GCC_WARN_UNUSED_FUNCTION = YES;
				GCC_WARN_UNUSED_LABEL = YES;
				GCC_WARN_UNUSED_PARAMETER = YES;
				GCC_WARN_UNUSED_VARIABLE = YES;
				MACOSX_DEPLOYMENT_TARGET = 10.14.4;
				MTL_ENABLE_DEBUG_INFO = INCLUDE_SOURCE;
				MTL_FAST_MATH = YES;
				ONLY_ACTIVE_ARCH = YES;
				OTHER_LDFLAGS = (
					"-weak_framework",
					Combine,
				);
				SDKROOT = macosx;
				SWIFT_ACTIVE_COMPILATION_CONDITIONS = DEBUG;
				SWIFT_OBJC_BRIDGING_HEADER = "Calculate/Calculate-Bridging-Header.h";
				SWIFT_OPTIMIZATION_LEVEL = "-Onone";
			};
			name = Debug;
		};
		E321A0B62417C3AA00D40474 /* Release */ = {
			isa = XCBuildConfiguration;
			buildSettings = {
				ALWAYS_SEARCH_USER_PATHS = NO;
				CLANG_ANALYZER_GCD_PERFORMANCE = YES;
				CLANG_ANALYZER_NONNULL = YES;
				CLANG_ANALYZER_NUMBER_OBJECT_CONVERSION = YES_AGGRESSIVE;
				CLANG_ANALYZER_SECURITY_FLOATLOOPCOUNTER = YES;
				CLANG_ANALYZER_SECURITY_INSECUREAPI_RAND = YES;
				CLANG_ANALYZER_SECURITY_INSECUREAPI_STRCPY = YES;
				CLANG_CXX_LANGUAGE_STANDARD = "gnu++14";
				CLANG_CXX_LIBRARY = "libc++";
				CLANG_ENABLE_MODULES = YES;
				CLANG_ENABLE_OBJC_ARC = YES;
				CLANG_ENABLE_OBJC_WEAK = YES;
				CLANG_WARN_ASSIGN_ENUM = YES;
				CLANG_WARN_ATOMIC_IMPLICIT_SEQ_CST = YES;
				CLANG_WARN_BLOCK_CAPTURE_AUTORELEASING = YES;
				CLANG_WARN_BOOL_CONVERSION = YES;
				CLANG_WARN_COMMA = YES;
				CLANG_WARN_CONSTANT_CONVERSION = YES;
				CLANG_WARN_CXX0X_EXTENSIONS = YES;
				CLANG_WARN_DEPRECATED_OBJC_IMPLEMENTATIONS = YES;
				CLANG_WARN_DIRECT_OBJC_ISA_USAGE = YES_ERROR;
				CLANG_WARN_DOCUMENTATION_COMMENTS = YES;
				CLANG_WARN_EMPTY_BODY = YES;
				CLANG_WARN_ENUM_CONVERSION = YES;
				CLANG_WARN_FRAMEWORK_INCLUDE_PRIVATE_FROM_PUBLIC = YES;
				CLANG_WARN_IMPLICIT_SIGN_CONVERSION = YES;
				CLANG_WARN_INFINITE_RECURSION = YES;
				CLANG_WARN_INT_CONVERSION = YES;
				CLANG_WARN_NON_LITERAL_NULL_CONVERSION = YES;
				CLANG_WARN_OBJC_EXPLICIT_OWNERSHIP_TYPE = YES;
				CLANG_WARN_OBJC_IMPLICIT_ATOMIC_PROPERTIES = YES;
				CLANG_WARN_OBJC_IMPLICIT_RETAIN_SELF = YES;
				CLANG_WARN_OBJC_INTERFACE_IVARS = YES;
				CLANG_WARN_OBJC_LITERAL_CONVERSION = YES;
				CLANG_WARN_OBJC_MISSING_PROPERTY_SYNTHESIS = YES;
				CLANG_WARN_OBJC_REPEATED_USE_OF_WEAK = YES;
				CLANG_WARN_OBJC_ROOT_CLASS = YES_ERROR;
				CLANG_WARN_QUOTED_INCLUDE_IN_FRAMEWORK_HEADER = YES;
				CLANG_WARN_RANGE_LOOP_ANALYSIS = YES;
				CLANG_WARN_SEMICOLON_BEFORE_METHOD_BODY = YES;
				CLANG_WARN_STRICT_PROTOTYPES = YES;
				CLANG_WARN_SUSPICIOUS_IMPLICIT_CONVERSION = YES;
				CLANG_WARN_SUSPICIOUS_MOVE = YES;
				CLANG_WARN_UNGUARDED_AVAILABILITY = YES_AGGRESSIVE;
				CLANG_WARN_UNREACHABLE_CODE = YES;
				CLANG_WARN__DUPLICATE_METHOD_MATCH = YES;
				CLANG_WARN__EXIT_TIME_DESTRUCTORS = YES;
				COPY_PHASE_STRIP = NO;
				DEAD_CODE_STRIPPING = YES;
				DEBUG_INFORMATION_FORMAT = "dwarf-with-dsym";
				ENABLE_NS_ASSERTIONS = NO;
				ENABLE_STRICT_OBJC_MSGSEND = YES;
				GCC_C_LANGUAGE_STANDARD = gnu11;
				GCC_NO_COMMON_BLOCKS = YES;
				GCC_WARN_64_TO_32_BIT_CONVERSION = YES;
				GCC_WARN_ABOUT_MISSING_FIELD_INITIALIZERS = YES;
				GCC_WARN_ABOUT_MISSING_NEWLINE = YES;
				GCC_WARN_ABOUT_MISSING_PROTOTYPES = YES;
				GCC_WARN_ABOUT_RETURN_TYPE = YES_ERROR;
				GCC_WARN_FOUR_CHARACTER_CONSTANTS = YES;
				GCC_WARN_HIDDEN_VIRTUAL_FUNCTIONS = YES;
				GCC_WARN_INITIALIZER_NOT_FULLY_BRACKETED = YES;
				GCC_WARN_NON_VIRTUAL_DESTRUCTOR = YES;
				GCC_WARN_PEDANTIC = YES;
				GCC_WARN_SHADOW = YES;
				GCC_WARN_SIGN_COMPARE = YES;
				GCC_WARN_STRICT_SELECTOR_MATCH = YES;
				GCC_WARN_UNDECLARED_SELECTOR = YES;
				GCC_WARN_UNINITIALIZED_AUTOS = YES_AGGRESSIVE;
				GCC_WARN_UNKNOWN_PRAGMAS = YES;
				GCC_WARN_UNUSED_FUNCTION = YES;
				GCC_WARN_UNUSED_LABEL = YES;
				GCC_WARN_UNUSED_PARAMETER = YES;
				GCC_WARN_UNUSED_VARIABLE = YES;
				MACOSX_DEPLOYMENT_TARGET = 10.14.4;
				MTL_ENABLE_DEBUG_INFO = NO;
				MTL_FAST_MATH = YES;
				OTHER_LDFLAGS = (
					"-weak_framework",
					Combine,
				);
				SDKROOT = macosx;
				SWIFT_COMPILATION_MODE = wholemodule;
				SWIFT_OBJC_BRIDGING_HEADER = "Calculate/Calculate-Bridging-Header.h";
				SWIFT_OPTIMIZATION_LEVEL = "-O";
			};
			name = Release;
		};
		E321A0B82417C3AA00D40474 /* Debug */ = {
			isa = XCBuildConfiguration;
			buildSettings = {
				ASSETCATALOG_COMPILER_APPICON_NAME = AppIcon;
				ASSETCATALOG_COMPILER_STANDALONE_ICON_BEHAVIOR = all;
				CLANG_ENABLE_MODULES = YES;
				CODE_SIGN_ENTITLEMENTS = Calculate/Calculate.entitlements;
				CODE_SIGN_IDENTITY = "-";
				CODE_SIGN_STYLE = Automatic;
				COMBINE_HIDPI_IMAGES = YES;
				CURRENT_PROJECT_VERSION = 4;
				DEAD_CODE_STRIPPING = YES;
				ENABLE_HARDENED_RUNTIME = YES;
				INFOPLIST_FILE = Calculate/Info.plist;
				LD_RUNPATH_SEARCH_PATHS = (
					"$(inherited)",
					"@executable_path/../Frameworks",
				);
				MARKETING_VERSION = "2.0 alpha 4";
				OTHER_LDFLAGS = (
					"$(inherited)",
					"-ObjC",
					"-framework",
					"\"AppKit\"",
					"-framework",
					"\"Carbon\"",
				);
				PRODUCT_BUNDLE_IDENTIFIER = com.brackeen.Calculate;
				PRODUCT_NAME = "$(TARGET_NAME)";
				SWIFT_OPTIMIZATION_LEVEL = "-Onone";
				SWIFT_VERSION = 5.0;
			};
			name = Debug;
		};
		E321A0B92417C3AA00D40474 /* Release */ = {
			isa = XCBuildConfiguration;
			buildSettings = {
				ASSETCATALOG_COMPILER_APPICON_NAME = AppIcon;
				ASSETCATALOG_COMPILER_STANDALONE_ICON_BEHAVIOR = all;
				CLANG_ENABLE_MODULES = YES;
				CODE_SIGN_ENTITLEMENTS = Calculate/Calculate.entitlements;
				CODE_SIGN_IDENTITY = "-";
				CODE_SIGN_STYLE = Automatic;
				COMBINE_HIDPI_IMAGES = YES;
				CURRENT_PROJECT_VERSION = 4;
				DEAD_CODE_STRIPPING = YES;
				ENABLE_HARDENED_RUNTIME = YES;
				INFOPLIST_FILE = Calculate/Info.plist;
				LD_RUNPATH_SEARCH_PATHS = (
					"$(inherited)",
					"@executable_path/../Frameworks",
				);
				MARKETING_VERSION = "2.0 alpha 4";
				OTHER_LDFLAGS = (
					"$(inherited)",
					"-ObjC",
					"-framework",
					"\"AppKit\"",
					"-framework",
					"\"Carbon\"",
				);
				PRODUCT_BUNDLE_IDENTIFIER = com.brackeen.Calculate;
				PRODUCT_NAME = "$(TARGET_NAME)";
				SWIFT_VERSION = 5.0;
			};
			name = Release;
		};
/* End XCBuildConfiguration section */

/* Begin XCConfigurationList section */
		E3198E78241A7A7C00A167C7 /* Build configuration list for PBXNativeTarget "CalculateTests" */ = {
			isa = XCConfigurationList;
			buildConfigurations = (
				E3198E79241A7A7C00A167C7 /* Debug */,
				E3198E7A241A7A7C00A167C7 /* Release */,
			);
			defaultConfigurationIsVisible = 0;
			defaultConfigurationName = Release;
		};
		E321A0A22417C3A900D40474 /* Build configuration list for PBXProject "Calculate" */ = {
			isa = XCConfigurationList;
			buildConfigurations = (
				E321A0B52417C3AA00D40474 /* Debug */,
				E321A0B62417C3AA00D40474 /* Release */,
			);
			defaultConfigurationIsVisible = 0;
			defaultConfigurationName = Release;
		};
		E321A0B72417C3AA00D40474 /* Build configuration list for PBXNativeTarget "Calculate" */ = {
			isa = XCConfigurationList;
			buildConfigurations = (
				E321A0B82417C3AA00D40474 /* Debug */,
				E321A0B92417C3AA00D40474 /* Release */,
			);
			defaultConfigurationIsVisible = 0;
			defaultConfigurationName = Release;
		};
/* End XCConfigurationList section */

/* Begin XCRemoteSwiftPackageReference section */
		E316D7E726924E3500CF7FD6 /* XCRemoteSwiftPackageReference "KeyboardShortcuts" */ = {
			isa = XCRemoteSwiftPackageReference;
			repositoryURL = "https://github.com/sindresorhus/KeyboardShortcuts.git";
			requirement = {
				kind = exactVersion;
				version = 1.6.0;
			};
		};
/* End XCRemoteSwiftPackageReference section */

/* Begin XCSwiftPackageProductDependency section */
		E316D7E826924E3500CF7FD6 /* KeyboardShortcuts */ = {
			isa = XCSwiftPackageProductDependency;
			package = E316D7E726924E3500CF7FD6 /* XCRemoteSwiftPackageReference "KeyboardShortcuts" */;
			productName = KeyboardShortcuts;
		};
/* End XCSwiftPackageProductDependency section */
	};
	rootObject = E321A09F2417C3A900D40474 /* Project object */;
}
